
Microsoft Visual Studio Solution File, Format Version 12.00
# Visual Studio Version 17
VisualStudioVersion = 17.11.35327.3
MinimumVisualStudioVersion = 10.0.40219.1
Project("{FAE04EC0-301F-11D3-BF4B-00C04F79EFBC}") = "ZmianaStopni", "ZmianaStopni\ZmianaStopni.csproj", "{8EA205A7-133E-43CC-8C8B-7A6FC47D18C7}"
EndProject
Global
	GlobalSection(SolutionConfigurationPlatforms) = preSolution
		Debug|Any CPU = Debug|Any CPU
		Release|Any CPU = Release|Any CPU
	EndGlobalSection
	GlobalSection(ProjectConfigurationPlatforms) = postSolution
		{8EA205A7-133E-43CC-8C8B-7A6FC47D18C7}.Debug|Any CPU.ActiveCfg = Debug|Any CPU
		{8EA205A7-133E-43CC-8C8B-7A6FC47D18C7}.Debug|Any CPU.Build.0 = Debug|Any CPU
		{8EA205A7-133E-43CC-8C8B-7A6FC47D18C7}.Debug|Any CPU.Deploy.0 = Debug|Any CPU
		{8EA205A7-133E-43CC-8C8B-7A6FC47D18C7}.Release|Any CPU.ActiveCfg = Release|Any CPU
		{8EA205A7-133E-43CC-8C8B-7A6FC47D18C7}.Release|Any CPU.Build.0 = Release|Any CPU
		{8EA205A7-133E-43CC-8C8B-7A6FC47D18C7}.Release|Any CPU.Deploy.0 = Release|Any CPU
	EndGlobalSection
	GlobalSection(SolutionProperties) = preSolution
		HideSolutionNode = FALSE
	EndGlobalSection
	GlobalSection(ExtensibilityGlobals) = postSolution
		SolutionGuid = {308BE620-99D2-497D-A7C1-93BA0B3538D9}
	EndGlobalSection
EndGlobal
